
Microsoft Visual Studio Solution File, Format Version 12.00
# Visual Studio Version 17
VisualStudioVersion = 17.5.002.0
MinimumVisualStudioVersion = 10.0.40219.1
Project("{9A19103F-16F7-4668-BE54-9A1E7A4F7556}") = "CommurideApi", "CommurideApi\CommurideApi.csproj", "{0D432252-2635-4923-A537-CD2FDDCC3D4D}"
EndProject
Global
	GlobalSection(SolutionConfigurationPlatforms) = preSolution
		Debug|Any CPU = Debug|Any CPU
		Release|Any CPU = Release|Any CPU
	EndGlobalSection
	GlobalSection(ProjectConfigurationPlatforms) = postSolution
		{0D432252-2635-4923-A537-CD2FDDCC3D4D}.Debug|Any CPU.ActiveCfg = Debug|Any CPU
		{0D432252-2635-4923-A537-CD2FDDCC3D4D}.Debug|Any CPU.Build.0 = Debug|Any CPU
		{0D432252-2635-4923-A537-CD2FDDCC3D4D}.Release|Any CPU.ActiveCfg = Release|Any CPU
		{0D432252-2635-4923-A537-CD2FDDCC3D4D}.Release|Any CPU.Build.0 = Release|Any CPU
	EndGlobalSection
	GlobalSection(SolutionProperties) = preSolution
		HideSolutionNode = FALSE
	EndGlobalSection
	GlobalSection(ExtensibilityGlobals) = postSolution
		SolutionGuid = {5B1FBDB4-16A1-452D-8700-B031577E3596}
	EndGlobalSection
EndGlobal
