
Microsoft Visual Studio Solution File, Format Version 12.00
# Visual Studio Version 17
VisualStudioVersion = 17.5.002.0
MinimumVisualStudioVersion = 10.0.40219.1
Project("{9A19103F-16F7-4668-BE54-9A1E7A4F7556}") = "CommurideApi", "CommurideApi.csproj", "{9A400B32-B055-48BC-91D2-0E53EE5BA027}"
EndProject
Global
	GlobalSection(SolutionConfigurationPlatforms) = preSolution
		Debug|Any CPU = Debug|Any CPU
		Release|Any CPU = Release|Any CPU
	EndGlobalSection
	GlobalSection(ProjectConfigurationPlatforms) = postSolution
		{9A400B32-B055-48BC-91D2-0E53EE5BA027}.Debug|Any CPU.ActiveCfg = Debug|Any CPU
		{9A400B32-B055-48BC-91D2-0E53EE5BA027}.Debug|Any CPU.Build.0 = Debug|Any CPU
		{9A400B32-B055-48BC-91D2-0E53EE5BA027}.Release|Any CPU.ActiveCfg = Release|Any CPU
		{9A400B32-B055-48BC-91D2-0E53EE5BA027}.Release|Any CPU.Build.0 = Release|Any CPU
	EndGlobalSection
	GlobalSection(SolutionProperties) = preSolution
		HideSolutionNode = FALSE
	EndGlobalSection
	GlobalSection(ExtensibilityGlobals) = postSolution
		SolutionGuid = {ABED3DA2-2AFB-4946-A172-B51E34CE73DA}
	EndGlobalSection
EndGlobal
